github.com/aws/aws-sdk-go v1.15.25 h1:n0+QZLTS5npWwIArmudXj0z6Tun7yEBFhbE1sRKR4M8=
github.com/aws/aws-sdk-go v1.15.25/go.mod h1:mFuSZ37Z9YOHbQEwBWztmVzqXrEkub65tZoCYDt7FT0=
github.com/aws/aws-sdk-go v1.19.38 h1:WKjobgPO4Ua1ww2NJJl2/zQNreUZxvqmEzwMlRjjm9g=
github.com/aws/aws-sdk-go v1.19.38/go.mod h1:KmX6BPdI08NWTb3/sm4ZGu5ShLoqVDhKgpiN924inxo=
github.com/aws/aws-sdk-go v1.25.5 h1:WwVCIC3w30B9YSSIIIbH/H1M6VchY55ba1IFVDKS4D8=
github.com/aws/aws-sdk-go v1.25.5/go.mod h1:KmX6BPdI08NWTb3/sm4ZGu5ShLoqVDhKgpiN924inxo=
github.com/bugfixes/go-bugfixes v1.0.3 h1:4td7eBbFoTm9Ne88I5yVzLfphKhnHu+/ENRrgSKof5Q=
github.com/bugfixes/go-bugfixes v1.0.3/go.mod h1:BmGmj7noiD0F3e88q6z/ljSMllP9AhLaHMMG9AIooBs=
github.com/davecgh/go-spew v1.1.1 h1:vj9j/u1bqnvCEfJOwUhtlOARqs3+rkHYY13jYWTU97c=
github.com/davecgh/go-spew v1.1.1/go.mod h1:J7Y8YcW2NihsgmVo/mv3lAwl/skON4iLHjSsI+c5H38=
github.com/deckarep/golang-set v0.0.0-20180831180637-cbaa98ba5575 h1:TPNOHTd9pCmNXuJ338mTTE41SBtii7aff8A5x4BzmZk=
github.com/deckarep/golang-set v0.0.0-20180831180637-cbaa98ba5575/go.mod h1:93vsz/8Wt4joVM7c2AVqh+YRMiUSc14yDtF28KmMOgQ=
github.com/go-ini/ini v1.25.4 h1:Mujh4R/dH6YL8bxuISne3xX2+qcQ9p0IxKAP6ExWoUo=
github.com/go-ini/ini v1.25.4/go.mod h1:ByCAeIL28uOIIG0E3PJtZPDL8WnHpFKFOtgjp+3Ies8=
github.com/jmespath/go-jmespath v0.0.0-20160202185014-0b12d6b521d8 h1:12VvqtR6Aowv3l/EQUlocDHW2Cp4G9WJVH7uyH8QFJE=
github.com/jmespath/go-jmespath v0.0.0-20160202185014-0b12d6b521d8/go.mod h1:Nht3zPeWKUH0NzdCt2Blrr5ys8VGpn0CEB0cQHVjt7k=
github.com/jmespath/go-jmespath v0.0.0-20180206201540-c2b33e8439af/go.mod h1:Nht3zPeWKUH0NzdCt2Blrr5ys8VGpn0CEB0cQHVjt7k=
github.com/joho/godotenv v1.2.0 h1:vGTvz69FzUFp+X4/bAkb0j5BoLC+9bpqTWY8mjhA9pc=
github.com/joho/godotenv v1.2.0/go.mod h1:7hK45KPybAkOC6peb+G5yklZfMxEjkZhHbwpqxOKXbg=
github.com/joho/godotenv v1.3.0 h1:Zjp+RcGpHhGlrMbJzXTrZZPrWj+1vfm90La1wgB6Bhc=
github.com/joho/godotenv v1.3.0/go.mod h1:7hK45KPybAkOC6peb+G5yklZfMxEjkZhHbwpqxOKXbg=
github.com/mingrammer/commonregex v1.0.0 h1:0nTEyFI+CKWog0IWbyP8jFwgdd+JZ30UYfYce/lG/9w=
github.com/mingrammer/commonregex v1.0.0/go.mod h1:GQen+jIfhWmXmDCzNk4ucLO8VUMxJO5QPWZ2RPwrS3A=
github.com/montanaflynn/stats v0.0.0-20180722130825-07668e8400fe h1:2IprKjodZTUOEddDqYqaQ+V7uRNUMT3dI2UWgT+Z9E0=
github.com/montanaflynn/stats v0.0.0-20180722130825-07668e8400fe/go.mod h1:wL8QJuTMNUDYhXwkmfOly8iTdp5TEcJFWZD2D7SIkUc=
github.com/pmezard/go-difflib v1.0.0 h1:4DBwDE0NGyQoBHbLQYPwSUPoCMWR5BEzIk/f1lZbAQM=
github.com/pmezard/go-difflib v1.0.0/go.mod h1:iKH77koFhYxTK1pcRnkKkqfTogsbg7gZNVY4sRDYZ/4=
github.com/satori/go.uuid v1.2.0 h1:0uYX9dsZ2yD7q2RtLRtPSdGDWzjeM3TbMJP9utgA0ww=
github.com/satori/go.uuid v1.2.0/go.mod h1:dA0hQrYB0VpLJoorglMZABFdXlWrHn1NEOzdhQKdks0=
github.com/stretchr/testify v1.2.2 h1:bSDNvY7ZPG5RlJ8otE/7V6gMiyenm9RtJ7IUVIAoJ1w=
github.com/stretchr/testify v1.2.2/go.mod h1:a8OnRcib4nhh0OaRAV+Yts87kKdq0PP7pXfy6kDkUVs=
golang.org/x/exp v0.0.0-20180321215751-8460e604b9de/go.mod h1:CJ0aWSM057203Lf6IL+f9T1iT9GByDxfZKAQTCR3kQA=
golang.org/x/tools v0.0.0-20180525024113-a5b4c53f6e8b/go.mod h1:n7NCudcB/nEzxVGmLbDWY5pfWTLqBcC2KZ6jyYvM4mQ=
gonum.org/v1/gonum v0.0.0-20180901222912-70492dcef1a5 h1:ye0emCIfj+0em3XCemHIkPP8wDNr/8doY1XHzHhxVz4=
gonum.org/v1/gonum v0.0.0-20180901222912-70492dcef1a5/go.mod h1:Y+Yx5eoAFn32cQvJDxZx5Dpnq+c3wtXuadVZAcxbbBo=
gopkg.in/jdkato/prose.v2 v2.0.0-20180825173540-767a23049b9e h1:yDDVJ347kU7Ro+H2CRgKmAEbFXfHwjyPuXgVd6H+3N8=
gopkg.in/jdkato/prose.v2 v2.0.0-20180825173540-767a23049b9e/go.mod h1:1uCyb8jSeRMeIfMJgVyxYssmCTAlxLBkueX+Iu2UilA=
gopkg.in/neurosnap/sentences.v1 v1.0.6 h1:v7ElyP020iEZQONyLld3fHILHWOPs+ntzuQTNPkul8E=
gopkg.in/neurosnap/sentences.v1 v1.0.6/go.mod h1:YlK+SN+fLQZj+kY3r8DkGDhDr91+S3JmTb5LSxFRQo0=
